
Microsoft Visual Studio Solution File, Format Version 12.00
# Visual Studio Version 16
VisualStudioVersion = 16.0.30907.101
MinimumVisualStudioVersion = 10.0.40219.1
Project("{FAE04EC0-301F-11D3-BF4B-00C04F79EFBC}") = "UnitTestProject4", "UnitTestProject4.csproj", "{C0464A5C-FB9F-460C-A217-8B1DD3ADDFE6}"
EndProject
Global
	GlobalSection(SolutionConfigurationPlatforms) = preSolution
		Debug|Any CPU = Debug|Any CPU
		Release|Any CPU = Release|Any CPU
	EndGlobalSection
	GlobalSection(ProjectConfigurationPlatforms) = postSolution
		{C0464A5C-FB9F-460C-A217-8B1DD3ADDFE6}.Debug|Any CPU.ActiveCfg = Debug|Any CPU
		{C0464A5C-FB9F-460C-A217-8B1DD3ADDFE6}.Debug|Any CPU.Build.0 = Debug|Any CPU
		{C0464A5C-FB9F-460C-A217-8B1DD3ADDFE6}.Release|Any CPU.ActiveCfg = Release|Any CPU
		{C0464A5C-FB9F-460C-A217-8B1DD3ADDFE6}.Release|Any CPU.Build.0 = Release|Any CPU
	EndGlobalSection
	GlobalSection(SolutionProperties) = preSolution
		HideSolutionNode = FALSE
	EndGlobalSection
	GlobalSection(ExtensibilityGlobals) = postSolution
		SolutionGuid = {B4A514A8-5061-4CCA-94EA-AC3BF1D3D92B}
	EndGlobalSection
EndGlobal
